PODS:
  - Alamofire (2.0.2)
  - AlamofireObjectMapper (1.0):
    - Alamofire (~> 2.0.0)
    - ObjectMapper (= 0.17)
  - ObjectMapper (0.17)
  - PKHUD (2.2.2)
  - Swinject (0.2.2)

DEPENDENCIES:
  - Alamofire
  - AlamofireObjectMapper (~> 1.0)
  - ObjectMapper
  - PKHUD
  - Swinject

SPEC CHECKSUMS:
  Alamofire: 8edbab00802a752bb5240cc2abe70e7e881488ad
  AlamofireObjectMapper: 4f9d766a4742bb69258921723bafc260849f216c
  ObjectMapper: fa286b7cb5a398f1b0d8d64d0dd33fd1b307022c
  PKHUD: e8aec3b16715a65a186124d28eaeb39ad6d164fb
  Swinject: 1aaa74a6cd2da0f9fc9bbf6c7a00d8bccde0079e

COCOAPODS: 0.38.2
