PODS:
  - Alamofire (2.0.2)
  - Genome (1.0)
  - Routable (0.2.0)
  - Typhoon (3.3.2):
    - Typhoon/no-arc (= 3.3.2)
  - Typhoon/no-arc (3.3.2)

DEPENDENCIES:
  - Alamofire
  - Genome
  - Routable
  - Typhoon

SPEC CHECKSUMS:
  Alamofire: 8edbab00802a752bb5240cc2abe70e7e881488ad
  Genome: e5b91fb270783aa638932015d379a2af8c5454a9
  Routable: 859984d3f1613a4139795bab45941f71ed752564
  Typhoon: d0f4b40120b7011ac41748c3ca141cb12aac3737

COCOAPODS: 0.38.2
